
Microsoft Visual Studio Solution File, Format Version 12.00
Project("{FAE04EC0-301F-11D3-BF4B-00C04F79EFBC}") = "TestStaticWebApp.Blazor", "TestStaticWebApp.Blazor\TestStaticWebApp.Blazor.csproj", "{38B647F6-5C28-4A47-B578-902C687CF95D}"
EndProject
Project("{FAE04EC0-301F-11D3-BF4B-00C04F79EFBC}") = "TestStaticWebApp.Aspire.AppHost", "TestStaticWebApp.Aspire\TestStaticWebApp.Aspire.AppHost\TestStaticWebApp.Aspire.AppHost.csproj", "{6E273FAF-9F05-4971-988C-C5216B0547E9}"
EndProject
Project("{FAE04EC0-301F-11D3-BF4B-00C04F79EFBC}") = "TestStaticWebApp.Aspire.ServiceDefaults", "TestStaticWebApp.Aspire\TestStaticWebApp.Aspire.ServiceDefaults\TestStaticWebApp.Aspire.ServiceDefaults.csproj", "{2F1E610F-7865-40B1-B0D4-E8777BD08DD3}"
EndProject
Global
	GlobalSection(SolutionConfigurationPlatforms) = preSolution
		Debug|Any CPU = Debug|Any CPU
		Release|Any CPU = Release|Any CPU
	EndGlobalSection
	GlobalSection(ProjectConfigurationPlatforms) = postSolution
		{38B647F6-5C28-4A47-B578-902C687CF95D}.Debug|Any CPU.ActiveCfg = Debug|Any CPU
		{38B647F6-5C28-4A47-B578-902C687CF95D}.Debug|Any CPU.Build.0 = Debug|Any CPU
		{38B647F6-5C28-4A47-B578-902C687CF95D}.Release|Any CPU.ActiveCfg = Release|Any CPU
		{38B647F6-5C28-4A47-B578-902C687CF95D}.Release|Any CPU.Build.0 = Release|Any CPU
		{6E273FAF-9F05-4971-988C-C5216B0547E9}.Debug|Any CPU.ActiveCfg = Debug|Any CPU
		{6E273FAF-9F05-4971-988C-C5216B0547E9}.Debug|Any CPU.Build.0 = Debug|Any CPU
		{6E273FAF-9F05-4971-988C-C5216B0547E9}.Release|Any CPU.ActiveCfg = Release|Any CPU
		{6E273FAF-9F05-4971-988C-C5216B0547E9}.Release|Any CPU.Build.0 = Release|Any CPU
		{2F1E610F-7865-40B1-B0D4-E8777BD08DD3}.Debug|Any CPU.ActiveCfg = Debug|Any CPU
		{2F1E610F-7865-40B1-B0D4-E8777BD08DD3}.Debug|Any CPU.Build.0 = Debug|Any CPU
		{2F1E610F-7865-40B1-B0D4-E8777BD08DD3}.Release|Any CPU.ActiveCfg = Release|Any CPU
		{2F1E610F-7865-40B1-B0D4-E8777BD08DD3}.Release|Any CPU.Build.0 = Release|Any CPU
	EndGlobalSection
EndGlobal
