
Microsoft Visual Studio Solution File, Format Version 12.00
Project("{FAE04EC0-301F-11D3-BF4B-00C04F79EFBC}") = "TestStaticWebApp.Blazor", "TestStaticWebApp.Blazor\TestStaticWebApp.Blazor.csproj", "{38B647F6-5C28-4A47-B578-902C687CF95D}"
EndProject
Project("{FAE04EC0-301F-11D3-BF4B-00C04F79EFBC}") = "TestStaticWebApp.Aspire.AppHost", "TestStaticWebApp.Aspire.AppHost\TestStaticWebApp.Aspire.AppHost.csproj", "{B49F00AA-4445-4513-BF5B-B5D251929F7E}"
EndProject
Project("{FAE04EC0-301F-11D3-BF4B-00C04F79EFBC}") = "TestStaticWebApp.Aspire.ServiceDefaults", "TestStaticWebApp.Aspire.ServiceDefaults\TestStaticWebApp.Aspire.ServiceDefaults.csproj", "{0F8EF453-4DEC-4C76-8B83-5A8D5B1FEBF3}"
EndProject
Global
	GlobalSection(SolutionConfigurationPlatforms) = preSolution
		Debug|Any CPU = Debug|Any CPU
		Release|Any CPU = Release|Any CPU
	EndGlobalSection
	GlobalSection(ProjectConfigurationPlatforms) = postSolution
		{38B647F6-5C28-4A47-B578-902C687CF95D}.Debug|Any CPU.ActiveCfg = Debug|Any CPU
		{38B647F6-5C28-4A47-B578-902C687CF95D}.Debug|Any CPU.Build.0 = Debug|Any CPU
		{38B647F6-5C28-4A47-B578-902C687CF95D}.Release|Any CPU.ActiveCfg = Release|Any CPU
		{38B647F6-5C28-4A47-B578-902C687CF95D}.Release|Any CPU.Build.0 = Release|Any CPU
		{B49F00AA-4445-4513-BF5B-B5D251929F7E}.Debug|Any CPU.ActiveCfg = Debug|Any CPU
		{B49F00AA-4445-4513-BF5B-B5D251929F7E}.Debug|Any CPU.Build.0 = Debug|Any CPU
		{B49F00AA-4445-4513-BF5B-B5D251929F7E}.Release|Any CPU.ActiveCfg = Release|Any CPU
		{B49F00AA-4445-4513-BF5B-B5D251929F7E}.Release|Any CPU.Build.0 = Release|Any CPU
		{0F8EF453-4DEC-4C76-8B83-5A8D5B1FEBF3}.Debug|Any CPU.ActiveCfg = Debug|Any CPU
		{0F8EF453-4DEC-4C76-8B83-5A8D5B1FEBF3}.Debug|Any CPU.Build.0 = Debug|Any CPU
		{0F8EF453-4DEC-4C76-8B83-5A8D5B1FEBF3}.Release|Any CPU.ActiveCfg = Release|Any CPU
		{0F8EF453-4DEC-4C76-8B83-5A8D5B1FEBF3}.Release|Any CPU.Build.0 = Release|Any CPU
	EndGlobalSection
EndGlobal
